%{
  "bakeware": {:hex, :bakeware, "0.2.3", "d8124d46af0450633844c997af15edb8b97ac5a8349650a31b41e96803027838", [:make, :mix], [{:elixir_make, "~> 0.6", [hex: :elixir_make, repo: "hexpm", optional: false]}], "hexpm", "df060a008ca4af6f0913ca85891b26caac4afdfa900f886ade6fa8e3ebaf7d7e"},
  "elixir_make": {:hex, :elixir_make, "0.6.3", "bc07d53221216838d79e03a8019d0839786703129599e9619f4ab74c8c096eac", [:mix], [], "hexpm", "f5cbd651c5678bcaabdbb7857658ee106b12509cd976c2c2fca99688e1daf716"},
  "ex_cli": {:hex, :ex_cli, "0.1.6", "30f97ef0751c75863c669cf34ebb689a5a3ebf9dafd2e73739f173fbd7561a53", [:mix], [], "hexpm", "9b6e4e89f457f6805ae47a0fc0004bae804d894c85976dfd5b47330737dccf7b"},
  "poison": {:hex, :poison, "5.0.0", "d2b54589ab4157bbb82ec2050757779bfed724463a544b6e20d79855a9e43b24", [:mix], [{:decimal, "~> 2.0", [hex: :decimal, repo: "hexpm", optional: true]}], "hexpm", "11dc6117c501b80c62a7594f941d043982a1bd05a1184280c0d9166eb4d8d3fc"},
  "shorter_maps": {:hex, :shorter_maps, "2.2.5", "77b2e3632a49c72ca8aea2a47687767b3ad2623b9ade529ffe31f41865a32886", [:mix], [], "hexpm", "fbef59a9f13369f819111f500f0253678526ea8c717d794a224df41223bc88ab"},
}
